
Microsoft Visual Studio Solution File, Format Version 12.00
# Visual Studio Version 17
VisualStudioVersion = 17.10.35004.147
MinimumVisualStudioVersion = 10.0.40219.1
Project("{FAE04EC0-301F-11D3-BF4B-00C04F79EFBC}") = "ContinuousDeployment", "ContinuousDeployment\ContinuousDeployment.csproj", "{BCD8F397-48FF-4447-80ED-999F3B107978}"
EndProject
Global
	GlobalSection(SolutionConfigurationPlatforms) = preSolution
		Debug|Any CPU = Debug|Any CPU
		Release|Any CPU = Release|Any CPU
	EndGlobalSection
	GlobalSection(ProjectConfigurationPlatforms) = postSolution
		{BCD8F397-48FF-4447-80ED-999F3B107978}.Debug|Any CPU.ActiveCfg = Debug|Any CPU
		{BCD8F397-48FF-4447-80ED-999F3B107978}.Debug|Any CPU.Build.0 = Debug|Any CPU
		{BCD8F397-48FF-4447-80ED-999F3B107978}.Debug|Any CPU.Deploy.0 = Debug|Any CPU
		{BCD8F397-48FF-4447-80ED-999F3B107978}.Release|Any CPU.ActiveCfg = Release|Any CPU
		{BCD8F397-48FF-4447-80ED-999F3B107978}.Release|Any CPU.Build.0 = Release|Any CPU
		{BCD8F397-48FF-4447-80ED-999F3B107978}.Release|Any CPU.Deploy.0 = Release|Any CPU
	EndGlobalSection
	GlobalSection(SolutionProperties) = preSolution
		HideSolutionNode = FALSE
	EndGlobalSection
	GlobalSection(ExtensibilityGlobals) = postSolution
		SolutionGuid = {81541236-1D47-4BE3-A07C-78C2D2ACED30}
	EndGlobalSection
EndGlobal
